
Microsoft Visual Studio Solution File, Format Version 12.00
# Visual Studio Version 16
VisualStudioVersion = 16.0.32106.194
MinimumVisualStudioVersion = 10.0.40219.1
Project("{FAE04EC0-301F-11D3-BF4B-00C04F79EFBC}") = "Sistema Agendamento", "Sistema Agendamento\Sistema Agendamento.csproj", "{E100E719-9B81-444B-A16F-5A3FBC053BE5}"
EndProject
Global
	GlobalSection(SolutionConfigurationPlatforms) = preSolution
		Debug|Any CPU = Debug|Any CPU
		Release|Any CPU = Release|Any CPU
	EndGlobalSection
	GlobalSection(ProjectConfigurationPlatforms) = postSolution
		{E100E719-9B81-444B-A16F-5A3FBC053BE5}.Debug|Any CPU.ActiveCfg = Debug|Any CPU
		{E100E719-9B81-444B-A16F-5A3FBC053BE5}.Debug|Any CPU.Build.0 = Debug|Any CPU
		{E100E719-9B81-444B-A16F-5A3FBC053BE5}.Release|Any CPU.ActiveCfg = Release|Any CPU
		{E100E719-9B81-444B-A16F-5A3FBC053BE5}.Release|Any CPU.Build.0 = Release|Any CPU
	EndGlobalSection
	GlobalSection(SolutionProperties) = preSolution
		HideSolutionNode = FALSE
	EndGlobalSection
	GlobalSection(ExtensibilityGlobals) = postSolution
		SolutionGuid = {9C77AD98-2077-4E89-8845-A018483494FF}
	EndGlobalSection
EndGlobal
